
Microsoft Visual Studio Solution File, Format Version 12.00
# Visual Studio Version 17
VisualStudioVersion = 17.13.35507.96
MinimumVisualStudioVersion = 10.0.40219.1
Project("{FAE04EC0-301F-11D3-BF4B-00C04F79EFBC}") = "SalouServer", "SalouServer\SalouServer.csproj", "{5A1AB70C-F0C5-4EA4-878D-721C25B18C0F}"
EndProject
Project("{FAE04EC0-301F-11D3-BF4B-00C04F79EFBC}") = "Salou", "Salou\Salou.csproj", "{04E84ECF-2C8E-40CA-955A-B72FE432EB7C}"
EndProject
Project("{2150E333-8FDC-42A3-9474-1A3956D46DE8}") = "Example", "Example", "{02EA681E-C7D8-13C7-8484-4AC65E1B71E8}"
EndProject
Project("{FAE04EC0-301F-11D3-BF4B-00C04F79EFBC}") = "SalouTest", "SalouTest\SalouTest.csproj", "{00692B92-FCB5-462D-AEA4-28670F1982DF}"
EndProject
Project("{2150E333-8FDC-42A3-9474-1A3956D46DE8}") = "Solution Items", "Solution Items", "{8EC462FD-D22E-90A8-E5CE-7E832BA40C5D}"
	ProjectSection(SolutionItems) = preProject
		LICENSE = LICENSE
		README.md = README.md
		run-test.ps1 = run-test.ps1
		Salou.nuspec = Salou.nuspec
	EndProjectSection
EndProject
Project("{FAE04EC0-301F-11D3-BF4B-00C04F79EFBC}") = "Salou48", "Salou48\Salou48.csproj", "{E4D1CA12-CCEB-4480-908B-C9C4CDA9A7BD}"
EndProject
Project("{FAE04EC0-301F-11D3-BF4B-00C04F79EFBC}") = "Salou48Test", "Salou48Test\Salou48Test.csproj", "{245AD4AD-AF44-4689-B101-BCD3714FF67F}"
EndProject
Project("{2150E333-8FDC-42A3-9474-1A3956D46DE8}") = "DB", "DB", "{62F92349-84E4-4AF7-AC54-9E4D75CB6AE6}"
	ProjectSection(SolutionItems) = preProject
		SalouTestDbScripts\AddToDB.sql = SalouTestDbScripts\AddToDB.sql
		SalouTestDbScripts\TestQuery.sql = SalouTestDbScripts\TestQuery.sql
	EndProjectSection
EndProject
Project("{F184B08F-C81C-45F6-A57F-5ABD9991F28F}") = "ToyStoreData", "..\ToyStore-Database-Example-Using-WinForms--ADO.NET-in-VB\ToyStoreCustomers\ToyStoreData\ToyStoreData.vbproj", "{23C7F4E1-4274-4170-8955-640FAF35B901}"
EndProject
Project("{F184B08F-C81C-45F6-A57F-5ABD9991F28F}") = "ToyStoreCustomers", "..\ToyStore-Database-Example-Using-WinForms--ADO.NET-in-VB\ToyStoreCustomers\ToyStoreCustomers\ToyStoreCustomers.vbproj", "{D2FC3773-DA2D-4E9B-A773-64B5B972E74F}"
EndProject
Global
	GlobalSection(SolutionConfigurationPlatforms) = preSolution
		Debug|Any CPU = Debug|Any CPU
		Release|Any CPU = Release|Any CPU
	EndGlobalSection
	GlobalSection(ProjectConfigurationPlatforms) = postSolution
		{5A1AB70C-F0C5-4EA4-878D-721C25B18C0F}.Debug|Any CPU.ActiveCfg = Debug|Any CPU
		{5A1AB70C-F0C5-4EA4-878D-721C25B18C0F}.Debug|Any CPU.Build.0 = Debug|Any CPU
		{5A1AB70C-F0C5-4EA4-878D-721C25B18C0F}.Release|Any CPU.ActiveCfg = Release|Any CPU
		{5A1AB70C-F0C5-4EA4-878D-721C25B18C0F}.Release|Any CPU.Build.0 = Release|Any CPU
		{04E84ECF-2C8E-40CA-955A-B72FE432EB7C}.Debug|Any CPU.ActiveCfg = Debug|Any CPU
		{04E84ECF-2C8E-40CA-955A-B72FE432EB7C}.Debug|Any CPU.Build.0 = Debug|Any CPU
		{04E84ECF-2C8E-40CA-955A-B72FE432EB7C}.Release|Any CPU.ActiveCfg = Release|Any CPU
		{04E84ECF-2C8E-40CA-955A-B72FE432EB7C}.Release|Any CPU.Build.0 = Release|Any CPU
		{00692B92-FCB5-462D-AEA4-28670F1982DF}.Debug|Any CPU.ActiveCfg = Debug|Any CPU
		{00692B92-FCB5-462D-AEA4-28670F1982DF}.Debug|Any CPU.Build.0 = Debug|Any CPU
		{00692B92-FCB5-462D-AEA4-28670F1982DF}.Release|Any CPU.ActiveCfg = Release|Any CPU
		{00692B92-FCB5-462D-AEA4-28670F1982DF}.Release|Any CPU.Build.0 = Release|Any CPU
		{E4D1CA12-CCEB-4480-908B-C9C4CDA9A7BD}.Debug|Any CPU.ActiveCfg = Debug|Any CPU
		{E4D1CA12-CCEB-4480-908B-C9C4CDA9A7BD}.Debug|Any CPU.Build.0 = Debug|Any CPU
		{E4D1CA12-CCEB-4480-908B-C9C4CDA9A7BD}.Release|Any CPU.ActiveCfg = Release|Any CPU
		{E4D1CA12-CCEB-4480-908B-C9C4CDA9A7BD}.Release|Any CPU.Build.0 = Release|Any CPU
		{245AD4AD-AF44-4689-B101-BCD3714FF67F}.Debug|Any CPU.ActiveCfg = Debug|Any CPU
		{245AD4AD-AF44-4689-B101-BCD3714FF67F}.Debug|Any CPU.Build.0 = Debug|Any CPU
		{245AD4AD-AF44-4689-B101-BCD3714FF67F}.Release|Any CPU.ActiveCfg = Release|Any CPU
		{245AD4AD-AF44-4689-B101-BCD3714FF67F}.Release|Any CPU.Build.0 = Release|Any CPU
		{23C7F4E1-4274-4170-8955-640FAF35B901}.Debug|Any CPU.ActiveCfg = Debug|Any CPU
		{23C7F4E1-4274-4170-8955-640FAF35B901}.Debug|Any CPU.Build.0 = Debug|Any CPU
		{23C7F4E1-4274-4170-8955-640FAF35B901}.Release|Any CPU.ActiveCfg = Release|Any CPU
		{23C7F4E1-4274-4170-8955-640FAF35B901}.Release|Any CPU.Build.0 = Release|Any CPU
		{D2FC3773-DA2D-4E9B-A773-64B5B972E74F}.Debug|Any CPU.ActiveCfg = Debug|Any CPU
		{D2FC3773-DA2D-4E9B-A773-64B5B972E74F}.Debug|Any CPU.Build.0 = Debug|Any CPU
		{D2FC3773-DA2D-4E9B-A773-64B5B972E74F}.Release|Any CPU.ActiveCfg = Release|Any CPU
		{D2FC3773-DA2D-4E9B-A773-64B5B972E74F}.Release|Any CPU.Build.0 = Release|Any CPU
	EndGlobalSection
	GlobalSection(SolutionProperties) = preSolution
		HideSolutionNode = FALSE
	EndGlobalSection
	GlobalSection(NestedProjects) = preSolution
		{62F92349-84E4-4AF7-AC54-9E4D75CB6AE6} = {8EC462FD-D22E-90A8-E5CE-7E832BA40C5D}
		{23C7F4E1-4274-4170-8955-640FAF35B901} = {02EA681E-C7D8-13C7-8484-4AC65E1B71E8}
		{D2FC3773-DA2D-4E9B-A773-64B5B972E74F} = {02EA681E-C7D8-13C7-8484-4AC65E1B71E8}
	EndGlobalSection
	GlobalSection(ExtensibilityGlobals) = postSolution
		SolutionGuid = {335C4F4E-8851-48F3-AA06-7F3A438BC299}
	EndGlobalSection
EndGlobal
